// !$*UTF8*$!
{
	archiveVersion = 1;
	classes = {
	};
	objectVersion = 46;
	objects = {

/* Begin PBXBuildFile section */
		5F05F79A1A7030E3005847C0 /* StringBuilder.swift in Sources */ = {isa = PBXBuildFile; fileRef = 5F05F7991A7030E3005847C0 /* StringBuilder.swift */; };
		5F05F79F1A7038DA005847C0 /* WebViewController.swift in Sources */ = {isa = PBXBuildFile; fileRef = 5F05F79D1A7038DA005847C0 /* WebViewController.swift */; };
		5F05F7A01A7038DA005847C0 /* WebViewController.xib in Resources */ = {isa = PBXBuildFile; fileRef = 5F05F79E1A7038DA005847C0 /* WebViewController.xib */; };
		5F8FCCC71A7440B10046F289 /* SWXMLHash.swift in Sources */ = {isa = PBXBuildFile; fileRef = 5F8FCCC61A7440B10046F289 /* SWXMLHash.swift */; };
		5F8FCCCA1A7444870046F289 /* Document.swift in Sources */ = {isa = PBXBuildFile; fileRef = 5F8FCCC91A7444870046F289 /* Document.swift */; };
		5F8FCCCD1A745A640046F289 /* DocTableViewController.swift in Sources */ = {isa = PBXBuildFile; fileRef = 5F8FCCCB1A745A640046F289 /* DocTableViewController.swift */; };
		5F8FCCCE1A745A640046F289 /* DocTableViewController.xib in Resources */ = {isa = PBXBuildFile; fileRef = 5F8FCCCC1A745A640046F289 /* DocTableViewController.xib */; };
		5F910DDC1A6E094A00DB0450 /* JLToast.swift in Sources */ = {isa = PBXBuildFile; fileRef = 5F910DD91A6E094A00DB0450 /* JLToast.swift */; };
		5F910DDD1A6E094A00DB0450 /* JLToastCenter.swift in Sources */ = {isa = PBXBuildFile; fileRef = 5F910DDA1A6E094A00DB0450 /* JLToastCenter.swift */; };
		5F910DDE1A6E094A00DB0450 /* JLToastView.swift in Sources */ = {isa = PBXBuildFile; fileRef = 5F910DDB1A6E094A00DB0450 /* JLToastView.swift */; };
		5FEE44371A9A5DB10053C430 /* SdaSearchViewController.swift in Sources */ = {isa = PBXBuildFile; fileRef = 5FEE44351A9A5DB10053C430 /* SdaSearchViewController.swift */; };
		5FEE44381A9A5DB10053C430 /* SdaSearchViewController.xib in Resources */ = {isa = PBXBuildFile; fileRef = 5FEE44361A9A5DB10053C430 /* SdaSearchViewController.xib */; };
		5FF0FFA21A6DA87C00676819 /* AppDelegate.swift in Sources */ = {isa = PBXBuildFile; fileRef = 5FF0FFA11A6DA87C00676819 /* AppDelegate.swift */; };
		5FF0FFA91A6DA87C00676819 /* Images.xcassets in Resources */ = {isa = PBXBuildFile; fileRef = 5FF0FFA81A6DA87C00676819 /* Images.xcassets */; };
		5FF0FFAC1A6DA87C00676819 /* LaunchScreen.xib in Resources */ = {isa = PBXBuildFile; fileRef = 5FF0FFAA1A6DA87C00676819 /* LaunchScreen.xib */; };
		5FF0FFB81A6DA87C00676819 /* COMP4601A1_100846396_ClientTests.swift in Sources */ = {isa = PBXBuildFile; fileRef = 5FF0FFB71A6DA87C00676819 /* COMP4601A1_100846396_ClientTests.swift */; };
		5FF0FFC31A6DA8C600676819 /* MainViewController.swift in Sources */ = {isa = PBXBuildFile; fileRef = 5FF0FFC11A6DA8C600676819 /* MainViewController.swift */; };
		5FF0FFC41A6DA8C600676819 /* MainViewController.xib in Resources */ = {isa = PBXBuildFile; fileRef = 5FF0FFC21A6DA8C600676819 /* MainViewController.xib */; };
		5FF0FFC81A6DAEB500676819 /* CreateViewController.swift in Sources */ = {isa = PBXBuildFile; fileRef = 5FF0FFC61A6DAEB500676819 /* CreateViewController.swift */; };
		5FF0FFC91A6DAEB500676819 /* CreateViewController.xib in Resources */ = {isa = PBXBuildFile; fileRef = 5FF0FFC71A6DAEB500676819 /* CreateViewController.xib */; };
		5FF0FFCC1A6DB03600676819 /* SharedHelper.swift in Sources */ = {isa = PBXBuildFile; fileRef = 5FF0FFCB1A6DB03600676819 /* SharedHelper.swift */; };
		5FF0FFCF1A6DB16400676819 /* SearchViewController.swift in Sources */ = {isa = PBXBuildFile; fileRef = 5FF0FFCD1A6DB16400676819 /* SearchViewController.swift */; };
		5FF0FFD01A6DB16400676819 /* SearchViewController.xib in Resources */ = {isa = PBXBuildFile; fileRef = 5FF0FFCE1A6DB16400676819 /* SearchViewController.xib */; };
		5FF0FFD31A6DB18E00676819 /* UpdateViewController.swift in Sources */ = {isa = PBXBuildFile; fileRef = 5FF0FFD11A6DB18E00676819 /* UpdateViewController.swift */; };
		5FF0FFD41A6DB18E00676819 /* UpdateViewController.xib in Resources */ = {isa = PBXBuildFile; fileRef = 5FF0FFD21A6DB18E00676819 /* UpdateViewController.xib */; };
		5FF0FFD71A6DB39400676819 /* DeleteViewController.swift in Sources */ = {isa = PBXBuildFile; fileRef = 5FF0FFD51A6DB39400676819 /* DeleteViewController.swift */; };
		5FF0FFD81A6DB39400676819 /* DeleteViewController.xib in Resources */ = {isa = PBXBuildFile; fileRef = 5FF0FFD61A6DB39400676819 /* DeleteViewController.xib */; };
		5FF0FFDE1A6DBC2A00676819 /* SharedConstants.swift in Sources */ = {isa = PBXBuildFile; fileRef = 5FF0FFDD1A6DBC2A00676819 /* SharedConstants.swift */; };
		5FF0FFE01A6DBFB400676819 /* SharedNetworkConnection.swift in Sources */ = {isa = PBXBuildFile; fileRef = 5FF0FFDF1A6DBFB400676819 /* SharedNetworkConnection.swift */; };
/* End PBXBuildFile section */

/* Begin PBXContainerItemProxy section */
		5FF0FFB21A6DA87C00676819 /* PBXContainerItemProxy */ = {
			isa = PBXContainerItemProxy;
			containerPortal = 5FF0FF941A6DA87B00676819 /* Project object */;
			proxyType = 1;
			remoteGlobalIDString = 5FF0FF9B1A6DA87B00676819;
			remoteInfo = "COMP4601A1-100846396-Client";
		};
/* End PBXContainerItemProxy section */

/* Begin PBXFileReference section */
		5F05F7991A7030E3005847C0 /* StringBuilder.swift */ = {isa = PBXFileReference; fileEncoding = 4; lastKnownFileType = sourcecode.swift; path = StringBuilder.swift; sourceTree = "<group>"; };
		5F05F79D1A7038DA005847C0 /* WebViewController.swift */ = {isa = PBXFileReference; fileEncoding = 4; lastKnownFileType = sourcecode.swift; path = WebViewController.swift; sourceTree = "<group>"; };
		5F05F79E1A7038DA005847C0 /* WebViewController.xib */ = {isa = PBXFileReference; fileEncoding = 4; lastKnownFileType = file.xib; path = WebViewController.xib; sourceTree = "<group>"; };
		5F8FCCC61A7440B10046F289 /* SWXMLHash.swift */ = {isa = PBXFileReference; fileEncoding = 4; lastKnownFileType = sourcecode.swift; path = SWXMLHash.swift; sourceTree = "<group>"; };
		5F8FCCC91A7444870046F289 /* Document.swift */ = {isa = PBXFileReference; fileEncoding = 4; lastKnownFileType = sourcecode.swift; path = Document.swift; sourceTree = "<group>"; };
		5F8FCCCB1A745A640046F289 /* DocTableViewController.swift */ = {isa = PBXFileReference; fileEncoding = 4; lastKnownFileType = sourcecode.swift; path = DocTableViewController.swift; sourceTree = "<group>"; };
		5F8FCCCC1A745A640046F289 /* DocTableViewController.xib */ = {isa = PBXFileReference; fileEncoding = 4; lastKnownFileType = file.xib; path = DocTableViewController.xib; sourceTree = "<group>"; };
		5F910DD91A6E094A00DB0450 /* JLToast.swift */ = {isa = PBXFileReference; fileEncoding = 4; lastKnownFileType = sourcecode.swift; path = JLToast.swift; sourceTree = "<group>"; };
		5F910DDA1A6E094A00DB0450 /* JLToastCenter.swift */ = {isa = PBXFileReference; fileEncoding = 4; lastKnownFileType = sourcecode.swift; path = JLToastCenter.swift; sourceTree = "<group>"; };
		5F910DDB1A6E094A00DB0450 /* JLToastView.swift */ = {isa = PBXFileReference; fileEncoding = 4; lastKnownFileType = sourcecode.swift; path = JLToastView.swift; sourceTree = "<group>"; };
		5FEE44351A9A5DB10053C430 /* SdaSearchViewController.swift */ = {isa = PBXFileReference; fileEncoding = 4; lastKnownFileType = sourcecode.swift; path = SdaSearchViewController.swift; sourceTree = "<group>"; };
		5FEE44361A9A5DB10053C430 /* SdaSearchViewController.xib */ = {isa = PBXFileReference; fileEncoding = 4; lastKnownFileType = file.xib; path = SdaSearchViewController.xib; sourceTree = "<group>"; };
		5FF0FF9C1A6DA87B00676819 /* COMP4601A1-100846396-Client.app */ = {isa = PBXFileReference; explicitFileType = wrapper.application; includeInIndex = 0; path = "COMP4601A1-100846396-Client.app"; sourceTree = BUILT_PRODUCTS_DIR; };
		5FF0FFA01A6DA87C00676819 /* Info.plist */ = {isa = PBXFileReference; lastKnownFileType = text.plist.xml; path = Info.plist; sourceTree = "<group>"; };
		5FF0FFA11A6DA87C00676819 /* AppDelegate.swift */ = {isa = PBXFileReference; lastKnownFileType = sourcecode.swift; path = AppDelegate.swift; sourceTree = "<group>"; };
		5FF0FFA81A6DA87C00676819 /* Images.xcassets */ = {isa = PBXFileReference; lastKnownFileType = folder.assetcatalog; path = Images.xcassets; sourceTree = "<group>"; };
		5FF0FFAB1A6DA87C00676819 /* Base */ = {isa = PBXFileReference; lastKnownFileType = file.xib; name = Base; path = Base.lproj/LaunchScreen.xib; sourceTree = "<group>"; };
		5FF0FFB11A6DA87C00676819 /* COMP4601A1-100846396-ClientTests.xctest */ = {isa = PBXFileReference; explicitFileType = wrapper.cfbundle; includeInIndex = 0; path = "COMP4601A1-100846396-ClientTests.xctest"; sourceTree = BUILT_PRODUCTS_DIR; };
		5FF0FFB61A6DA87C00676819 /* Info.plist */ = {isa = PBXFileReference; lastKnownFileType = text.plist.xml; path = Info.plist; sourceTree = "<group>"; };
		5FF0FFB71A6DA87C00676819 /* COMP4601A1_100846396_ClientTests.swift */ = {isa = PBXFileReference; lastKnownFileType = sourcecode.swift; path = COMP4601A1_100846396_ClientTests.swift; sourceTree = "<group>"; };
		5FF0FFC11A6DA8C600676819 /* MainViewController.swift */ = {isa = PBXFileReference; fileEncoding = 4; lastKnownFileType = sourcecode.swift; path = MainViewController.swift; sourceTree = "<group>"; };
		5FF0FFC21A6DA8C600676819 /* MainViewController.xib */ = {isa = PBXFileReference; fileEncoding = 4; lastKnownFileType = file.xib; path = MainViewController.xib; sourceTree = "<group>"; };
		5FF0FFC61A6DAEB500676819 /* CreateViewController.swift */ = {isa = PBXFileReference; fileEncoding = 4; lastKnownFileType = sourcecode.swift; path = CreateViewController.swift; sourceTree = "<group>"; };
		5FF0FFC71A6DAEB500676819 /* CreateViewController.xib */ = {isa = PBXFileReference; fileEncoding = 4; lastKnownFileType = file.xib; path = CreateViewController.xib; sourceTree = "<group>"; };
		5FF0FFCB1A6DB03600676819 /* SharedHelper.swift */ = {isa = PBXFileReference; fileEncoding = 4; lastKnownFileType = sourcecode.swift; path = SharedHelper.swift; sourceTree = "<group>"; };
		5FF0FFCD1A6DB16400676819 /* SearchViewController.swift */ = {isa = PBXFileReference; fileEncoding = 4; lastKnownFileType = sourcecode.swift; path = SearchViewController.swift; sourceTree = "<group>"; };
		5FF0FFCE1A6DB16400676819 /* SearchViewController.xib */ = {isa = PBXFileReference; fileEncoding = 4; lastKnownFileType = file.xib; path = SearchViewController.xib; sourceTree = "<group>"; };
		5FF0FFD11A6DB18E00676819 /* UpdateViewController.swift */ = {isa = PBXFileReference; fileEncoding = 4; lastKnownFileType = sourcecode.swift; path = UpdateViewController.swift; sourceTree = "<group>"; };
		5FF0FFD21A6DB18E00676819 /* UpdateViewController.xib */ = {isa = PBXFileReference; fileEncoding = 4; lastKnownFileType = file.xib; path = UpdateViewController.xib; sourceTree = "<group>"; };
		5FF0FFD51A6DB39400676819 /* DeleteViewController.swift */ = {isa = PBXFileReference; fileEncoding = 4; lastKnownFileType = sourcecode.swift; path = DeleteViewController.swift; sourceTree = "<group>"; };
		5FF0FFD61A6DB39400676819 /* DeleteViewController.xib */ = {isa = PBXFileReference; fileEncoding = 4; lastKnownFileType = file.xib; path = DeleteViewController.xib; sourceTree = "<group>"; };
		5FF0FFDD1A6DBC2A00676819 /* SharedConstants.swift */ = {isa = PBXFileReference; fileEncoding = 4; lastKnownFileType = sourcecode.swift; path = SharedConstants.swift; sourceTree = "<group>"; };
		5FF0FFDF1A6DBFB400676819 /* SharedNetworkConnection.swift */ = {isa = PBXFileReference; fileEncoding = 4; lastKnownFileType = sourcecode.swift; path = SharedNetworkConnection.swift; sourceTree = "<group>"; };
/* End PBXFileReference section */

/* Begin PBXFrameworksBuildPhase section */
		5FF0FF991A6DA87B00676819 /* Frameworks */ = {
			isa = PBXFrameworksBuildPhase;
			buildActionMask = 2147483647;
			files = (
			);
			runOnlyForDeploymentPostprocessing = 0;
		};
		5FF0FFAE1A6DA87C00676819 /* Frameworks */ = {
			isa = PBXFrameworksBuildPhase;
			buildActionMask = 2147483647;
			files = (
			);
			runOnlyForDeploymentPostprocessing = 0;
		};
/* End PBXFrameworksBuildPhase section */

/* Begin PBXGroup section */
		5F8FCCC81A7444730046F289 /* Model */ = {
			isa = PBXGroup;
			children = (
				5F8FCCC91A7444870046F289 /* Document.swift */,
			);
			name = Model;
			sourceTree = "<group>";
		};
		5F910DD81A6E091800DB0450 /* ThirdParty */ = {
			isa = PBXGroup;
			children = (
				5F8FCCC61A7440B10046F289 /* SWXMLHash.swift */,
				5F910DD91A6E094A00DB0450 /* JLToast.swift */,
				5F910DDA1A6E094A00DB0450 /* JLToastCenter.swift */,
				5F910DDB1A6E094A00DB0450 /* JLToastView.swift */,
				5F05F7991A7030E3005847C0 /* StringBuilder.swift */,
			);
			name = ThirdParty;
			sourceTree = "<group>";
		};
		5FF0FF931A6DA87B00676819 = {
			isa = PBXGroup;
			children = (
				5FF0FF9E1A6DA87B00676819 /* COMP4601A1-100846396-Client */,
				5FF0FFB41A6DA87C00676819 /* COMP4601A1-100846396-ClientTests */,
				5FF0FF9D1A6DA87B00676819 /* Products */,
			);
			sourceTree = "<group>";
		};
		5FF0FF9D1A6DA87B00676819 /* Products */ = {
			isa = PBXGroup;
			children = (
				5FF0FF9C1A6DA87B00676819 /* COMP4601A1-100846396-Client.app */,
				5FF0FFB11A6DA87C00676819 /* COMP4601A1-100846396-ClientTests.xctest */,
			);
			name = Products;
			sourceTree = "<group>";
		};
		5FF0FF9E1A6DA87B00676819 /* COMP4601A1-100846396-Client */ = {
			isa = PBXGroup;
			children = (
				5F8FCCC81A7444730046F289 /* Model */,
				5F910DD81A6E091800DB0450 /* ThirdParty */,
				5FF0FFCA1A6DAFFF00676819 /* Shared */,
				5FF0FFC51A6DA8CB00676819 /* ViewControllers */,
				5FF0FFA11A6DA87C00676819 /* AppDelegate.swift */,
				5FF0FFA81A6DA87C00676819 /* Images.xcassets */,
				5FF0FFAA1A6DA87C00676819 /* LaunchScreen.xib */,
				5FF0FF9F1A6DA87B00676819 /* Supporting Files */,
			);
			path = "COMP4601A1-100846396-Client";
			sourceTree = "<group>";
		};
		5FF0FF9F1A6DA87B00676819 /* Supporting Files */ = {
			isa = PBXGroup;
			children = (
				5FF0FFA01A6DA87C00676819 /* Info.plist */,
			);
			name = "Supporting Files";
			sourceTree = "<group>";
		};
		5FF0FFB41A6DA87C00676819 /* COMP4601A1-100846396-ClientTests */ = {
			isa = PBXGroup;
			children = (
				5FF0FFB71A6DA87C00676819 /* COMP4601A1_100846396_ClientTests.swift */,
				5FF0FFB51A6DA87C00676819 /* Supporting Files */,
			);
			path = "COMP4601A1-100846396-ClientTests";
			sourceTree = "<group>";
		};
		5FF0FFB51A6DA87C00676819 /* Supporting Files */ = {
			isa = PBXGroup;
			children = (
				5FF0FFB61A6DA87C00676819 /* Info.plist */,
			);
			name = "Supporting Files";
			sourceTree = "<group>";
		};
		5FF0FFC51A6DA8CB00676819 /* ViewControllers */ = {
			isa = PBXGroup;
			children = (
				5FF0FFC11A6DA8C600676819 /* MainViewController.swift */,
				5FF0FFC21A6DA8C600676819 /* MainViewController.xib */,
				5FF0FFC61A6DAEB500676819 /* CreateViewController.swift */,
				5FF0FFC71A6DAEB500676819 /* CreateViewController.xib */,
				5FF0FFCD1A6DB16400676819 /* SearchViewController.swift */,
				5FF0FFCE1A6DB16400676819 /* SearchViewController.xib */,
				5FF0FFD11A6DB18E00676819 /* UpdateViewController.swift */,
				5FF0FFD21A6DB18E00676819 /* UpdateViewController.xib */,
				5FF0FFD51A6DB39400676819 /* DeleteViewController.swift */,
				5FF0FFD61A6DB39400676819 /* DeleteViewController.xib */,
				5F05F79D1A7038DA005847C0 /* WebViewController.swift */,
				5F05F79E1A7038DA005847C0 /* WebViewController.xib */,
				5F8FCCCB1A745A640046F289 /* DocTableViewController.swift */,
				5F8FCCCC1A745A640046F289 /* DocTableViewController.xib */,
				5FEE44351A9A5DB10053C430 /* SdaSearchViewController.swift */,
				5FEE44361A9A5DB10053C430 /* SdaSearchViewController.xib */,
			);
			name = ViewControllers;
			sourceTree = "<group>";
		};
		5FF0FFCA1A6DAFFF00676819 /* Shared */ = {
			isa = PBXGroup;
			children = (
				5FF0FFCB1A6DB03600676819 /* SharedHelper.swift */,
				5FF0FFDD1A6DBC2A00676819 /* SharedConstants.swift */,
				5FF0FFDF1A6DBFB400676819 /* SharedNetworkConnection.swift */,
			);
			name = Shared;
			sourceTree = "<group>";
		};
/* End PBXGroup section */

/* Begin PBXNativeTarget section */
		5FF0FF9B1A6DA87B00676819 /* COMP4601A1-100846396-Client */ = {
			isa = PBXNativeTarget;
			buildConfigurationList = 5FF0FFBB1A6DA87C00676819 /* Build configuration list for PBXNativeTarget "COMP4601A1-100846396-Client" */;
			buildPhases = (
				5FF0FF981A6DA87B00676819 /* Sources */,
				5FF0FF991A6DA87B00676819 /* Frameworks */,
				5FF0FF9A1A6DA87B00676819 /* Resources */,
			);
			buildRules = (
			);
			dependencies = (
			);
			name = "COMP4601A1-100846396-Client";
			productName = "COMP4601A1-100846396-Client";
			productReference = 5FF0FF9C1A6DA87B00676819 /* COMP4601A1-100846396-Client.app */;
			productType = "com.apple.product-type.application";
		};
		5FF0FFB01A6DA87C00676819 /* COMP4601A1-100846396-ClientTests */ = {
			isa = PBXNativeTarget;
			buildConfigurationList = 5FF0FFBE1A6DA87C00676819 /* Build configuration list for PBXNativeTarget "COMP4601A1-100846396-ClientTests" */;
			buildPhases = (
				5FF0FFAD1A6DA87C00676819 /* Sources */,
				5FF0FFAE1A6DA87C00676819 /* Frameworks */,
				5FF0FFAF1A6DA87C00676819 /* Resources */,
			);
			buildRules = (
			);
			dependencies = (
				5FF0FFB31A6DA87C00676819 /* PBXTargetDependency */,
			);
			name = "COMP4601A1-100846396-ClientTests";
			productName = "COMP4601A1-100846396-ClientTests";
			productReference = 5FF0FFB11A6DA87C00676819 /* COMP4601A1-100846396-ClientTests.xctest */;
			productType = "com.apple.product-type.bundle.unit-test";
		};
/* End PBXNativeTarget section */

/* Begin PBXProject section */
		5FF0FF941A6DA87B00676819 /* Project object */ = {
			isa = PBXProject;
			attributes = {
				LastUpgradeCheck = 0610;
				ORGANIZATIONNAME = "Ben Sweett";
				TargetAttributes = {
					5FF0FF9B1A6DA87B00676819 = {
						CreatedOnToolsVersion = 6.1.1;
					};
					5FF0FFB01A6DA87C00676819 = {
						CreatedOnToolsVersion = 6.1.1;
						TestTargetID = 5FF0FF9B1A6DA87B00676819;
					};
				};
			};
			buildConfigurationList = 5FF0FF971A6DA87B00676819 /* Build configuration list for PBXProject "COMP4601A1-100846396-Client" */;
			compatibilityVersion = "Xcode 3.2";
			developmentRegion = English;
			hasScannedForEncodings = 0;
			knownRegions = (
				en,
				Base,
			);
			mainGroup = 5FF0FF931A6DA87B00676819;
			productRefGroup = 5FF0FF9D1A6DA87B00676819 /* Products */;
			projectDirPath = "";
			projectRoot = "";
			targets = (
				5FF0FF9B1A6DA87B00676819 /* COMP4601A1-100846396-Client */,
				5FF0FFB01A6DA87C00676819 /* COMP4601A1-100846396-ClientTests */,
			);
		};
/* End PBXProject section */

/* Begin PBXResourcesBuildPhase section */
		5FF0FF9A1A6DA87B00676819 /* Resources */ = {
			isa = PBXResourcesBuildPhase;
			buildActionMask = 2147483647;
			files = (
				5FF0FFAC1A6DA87C00676819 /* LaunchScreen.xib in Resources */,
				5FF0FFC91A6DAEB500676819 /* CreateViewController.xib in Resources */,
				5FF0FFC41A6DA8C600676819 /* MainViewController.xib in Resources */,
				5F8FCCCE1A745A640046F289 /* DocTableViewController.xib in Resources */,
				5F05F7A01A7038DA005847C0 /* WebViewController.xib in Resources */,
				5FEE44381A9A5DB10053C430 /* SdaSearchViewController.xib in Resources */,
				5FF0FFD81A6DB39400676819 /* DeleteViewController.xib in Resources */,
				5FF0FFD01A6DB16400676819 /* SearchViewController.xib in Resources */,
				5FF0FFA91A6DA87C00676819 /* Images.xcassets in Resources */,
				5FF0FFD41A6DB18E00676819 /* UpdateViewController.xib in Resources */,
			);
			runOnlyForDeploymentPostprocessing = 0;
		};
		5FF0FFAF1A6DA87C00676819 /* Resources */ = {
			isa = PBXResourcesBuildPhase;
			buildActionMask = 2147483647;
			files = (
			);
			runOnlyForDeploymentPostprocessing = 0;
		};
/* End PBXResourcesBuildPhase section */

/* Begin PBXSourcesBuildPhase section */
		5FF0FF981A6DA87B00676819 /* Sources */ = {
			isa = PBXSourcesBuildPhase;
			buildActionMask = 2147483647;
			files = (
				5FF0FFCF1A6DB16400676819 /* SearchViewController.swift in Sources */,
				5FF0FFDE1A6DBC2A00676819 /* SharedConstants.swift in Sources */,
				5FF0FFA21A6DA87C00676819 /* AppDelegate.swift in Sources */,
				5F910DDE1A6E094A00DB0450 /* JLToastView.swift in Sources */,
				5FF0FFD71A6DB39400676819 /* DeleteViewController.swift in Sources */,
				5F05F79A1A7030E3005847C0 /* StringBuilder.swift in Sources */,
				5F8FCCCD1A745A640046F289 /* DocTableViewController.swift in Sources */,
				5FF0FFE01A6DBFB400676819 /* SharedNetworkConnection.swift in Sources */,
				5FF0FFC81A6DAEB500676819 /* CreateViewController.swift in Sources */,
				5F8FCCC71A7440B10046F289 /* SWXMLHash.swift in Sources */,
				5FF0FFCC1A6DB03600676819 /* SharedHelper.swift in Sources */,
				5F910DDD1A6E094A00DB0450 /* JLToastCenter.swift in Sources */,
				5FF0FFC31A6DA8C600676819 /* MainViewController.swift in Sources */,
				5F8FCCCA1A7444870046F289 /* Document.swift in Sources */,
				5F910DDC1A6E094A00DB0450 /* JLToast.swift in Sources */,
				5F05F79F1A7038DA005847C0 /* WebViewController.swift in Sources */,
				5FF0FFD31A6DB18E00676819 /* UpdateViewController.swift in Sources */,
				5FEE44371A9A5DB10053C430 /* SdaSearchViewController.swift in Sources */,
			);
			runOnlyForDeploymentPostprocessing = 0;
		};
		5FF0FFAD1A6DA87C00676819 /* Sources */ = {
			isa = PBXSourcesBuildPhase;
			buildActionMask = 2147483647;
			files = (
				5FF0FFB81A6DA87C00676819 /* COMP4601A1_100846396_ClientTests.swift in Sources */,
			);
			runOnlyForDeploymentPostprocessing = 0;
		};
/* End PBXSourcesBuildPhase section */

/* Begin PBXTargetDependency section */
		5FF0FFB31A6DA87C00676819 /* PBXTargetDependency */ = {
			isa = PBXTargetDependency;
			target = 5FF0FF9B1A6DA87B00676819 /* COMP4601A1-100846396-Client */;
			targetProxy = 5FF0FFB21A6DA87C00676819 /* PBXContainerItemProxy */;
		};
/* End PBXTargetDependency section */

/* Begin PBXVariantGroup section */
		5FF0FFAA1A6DA87C00676819 /* LaunchScreen.xib */ = {
			isa = PBXVariantGroup;
			children = (
				5FF0FFAB1A6DA87C00676819 /* Base */,
			);
			name = LaunchScreen.xib;
			sourceTree = "<group>";
		};
/* End PBXVariantGroup section */

/* Begin XCBuildConfiguration section */
		5FF0FFB91A6DA87C00676819 /* Debug */ = {
			isa = XCBuildConfiguration;
			buildSettings = {
				ALWAYS_SEARCH_USER_PATHS = NO;
				CLANG_CXX_LANGUAGE_STANDARD = "gnu++0x";
				CLANG_CXX_LIBRARY = "libc++";
				CLANG_ENABLE_MODULES = YES;
				CLANG_ENABLE_OBJC_ARC = YES;
				CLANG_WARN_BOOL_CONVERSION = YES;
				CLANG_WARN_CONSTANT_CONVERSION = YES;
				CLANG_WARN_DIRECT_OBJC_ISA_USAGE = YES_ERROR;
				CLANG_WARN_EMPTY_BODY = YES;
				CLANG_WARN_ENUM_CONVERSION = YES;
				CLANG_WARN_INT_CONVERSION = YES;
				CLANG_WARN_OBJC_ROOT_CLASS = YES_ERROR;
				CLANG_WARN_UNREACHABLE_CODE = YES;
				CLANG_WARN__DUPLICATE_METHOD_MATCH = YES;
				"CODE_SIGN_IDENTITY[sdk=iphoneos*]" = "iPhone Developer";
				COPY_PHASE_STRIP = NO;
				ENABLE_STRICT_OBJC_MSGSEND = YES;
				GCC_C_LANGUAGE_STANDARD = gnu99;
				GCC_DYNAMIC_NO_PIC = NO;
				GCC_OPTIMIZATION_LEVEL = 0;
				GCC_PREPROCESSOR_DEFINITIONS = (
					"DEBUG=1",
					"$(inherited)",
				);
				GCC_SYMBOLS_PRIVATE_EXTERN = NO;
				GCC_WARN_64_TO_32_BIT_CONVERSION = YES;
				GCC_WARN_ABOUT_RETURN_TYPE = YES_ERROR;
				GCC_WARN_UNDECLARED_SELECTOR = YES;
				GCC_WARN_UNINITIALIZED_AUTOS = YES_AGGRESSIVE;
				GCC_WARN_UNUSED_FUNCTION = YES;
				GCC_WARN_UNUSED_VARIABLE = YES;
				IPHONEOS_DEPLOYMENT_TARGET = 8.1;
				MTL_ENABLE_DEBUG_INFO = YES;
				ONLY_ACTIVE_ARCH = YES;
				SDKROOT = iphoneos;
				SWIFT_OPTIMIZATION_LEVEL = "-Onone";
				TARGETED_DEVICE_FAMILY = "1,2";
			};
			name = Debug;
		};
		5FF0FFBA1A6DA87C00676819 /* Release */ = {
			isa = XCBuildConfiguration;
			buildSettings = {
				ALWAYS_SEARCH_USER_PATHS = NO;
				CLANG_CXX_LANGUAGE_STANDARD = "gnu++0x";
				CLANG_CXX_LIBRARY = "libc++";
				CLANG_ENABLE_MODULES = YES;
				CLANG_ENABLE_OBJC_ARC = YES;
				CLANG_WARN_BOOL_CONVERSION = YES;
				CLANG_WARN_CONSTANT_CONVERSION = YES;
				CLANG_WARN_DIRECT_OBJC_ISA_USAGE = YES_ERROR;
				CLANG_WARN_EMPTY_BODY = YES;
				CLANG_WARN_ENUM_CONVERSION = YES;
				CLANG_WARN_INT_CONVERSION = YES;
				CLANG_WARN_OBJC_ROOT_CLASS = YES_ERROR;
				CLANG_WARN_UNREACHABLE_CODE = YES;
				CLANG_WARN__DUPLICATE_METHOD_MATCH = YES;
				"CODE_SIGN_IDENTITY[sdk=iphoneos*]" = "iPhone Developer";
				COPY_PHASE_STRIP = YES;
				ENABLE_NS_ASSERTIONS = NO;
				ENABLE_STRICT_OBJC_MSGSEND = YES;
				GCC_C_LANGUAGE_STANDARD = gnu99;
				GCC_WARN_64_TO_32_BIT_CONVERSION = YES;
				GCC_WARN_ABOUT_RETURN_TYPE = YES_ERROR;
				GCC_WARN_UNDECLARED_SELECTOR = YES;
				GCC_WARN_UNINITIALIZED_AUTOS = YES_AGGRESSIVE;
				GCC_WARN_UNUSED_FUNCTION = YES;
				GCC_WARN_UNUSED_VARIABLE = YES;
				IPHONEOS_DEPLOYMENT_TARGET = 8.1;
				MTL_ENABLE_DEBUG_INFO = NO;
				SDKROOT = iphoneos;
				TARGETED_DEVICE_FAMILY = "1,2";
				VALIDATE_PRODUCT = YES;
			};
			name = Release;
		};
		5FF0FFBC1A6DA87C00676819 /* Debug */ = {
			isa = XCBuildConfiguration;
			buildSettings = {
				ASSETCATALOG_COMPILER_APPICON_NAME = AppIcon;
				INFOPLIST_FILE = "COMP4601A1-100846396-Client/Info.plist";
				LD_RUNPATH_SEARCH_PATHS = "$(inherited) @executable_path/Frameworks";
				PRODUCT_NAME = "$(TARGET_NAME)";
			};
			name = Debug;
		};
		5FF0FFBD1A6DA87C00676819 /* Release */ = {
			isa = XCBuildConfiguration;
			buildSettings = {
				ASSETCATALOG_COMPILER_APPICON_NAME = AppIcon;
				INFOPLIST_FILE = "COMP4601A1-100846396-Client/Info.plist";
				LD_RUNPATH_SEARCH_PATHS = "$(inherited) @executable_path/Frameworks";
				PRODUCT_NAME = "$(TARGET_NAME)";
			};
			name = Release;
		};
		5FF0FFBF1A6DA87C00676819 /* Debug */ = {
			isa = XCBuildConfiguration;
			buildSettings = {
				BUNDLE_LOADER = "$(TEST_HOST)";
				FRAMEWORK_SEARCH_PATHS = (
					"$(SDKROOT)/Developer/Library/Frameworks",
					"$(inherited)",
				);
				GCC_PREPROCESSOR_DEFINITIONS = (
					"DEBUG=1",
					"$(inherited)",
				);
				INFOPLIST_FILE = "COMP4601A1-100846396-ClientTests/Info.plist";
				LD_RUNPATH_SEARCH_PATHS = "$(inherited) @executable_path/Frameworks @loader_path/Frameworks";
				PRODUCT_NAME = "$(TARGET_NAME)";
				TEST_HOST = "$(BUILT_PRODUCTS_DIR)/COMP4601A1-100846396-Client.app/COMP4601A1-100846396-Client";
			};
			name = Debug;
		};
		5FF0FFC01A6DA87C00676819 /* Release */ = {
			isa = XCBuildConfiguration;
			buildSettings = {
				BUNDLE_LOADER = "$(TEST_HOST)";
				FRAMEWORK_SEARCH_PATHS = (
					"$(SDKROOT)/Developer/Library/Frameworks",
					"$(inherited)",
				);
				INFOPLIST_FILE = "COMP4601A1-100846396-ClientTests/Info.plist";
				LD_RUNPATH_SEARCH_PATHS = "$(inherited) @executable_path/Frameworks @loader_path/Frameworks";
				PRODUCT_NAME = "$(TARGET_NAME)";
				TEST_HOST = "$(BUILT_PRODUCTS_DIR)/COMP4601A1-100846396-Client.app/COMP4601A1-100846396-Client";
			};
			name = Release;
		};
/* End XCBuildConfiguration section */

/* Begin XCConfigurationList section */
		5FF0FF971A6DA87B00676819 /* Build configuration list for PBXProject "COMP4601A1-100846396-Client" */ = {
			isa = XCConfigurationList;
			buildConfigurations = (
				5FF0FFB91A6DA87C00676819 /* Debug */,
				5FF0FFBA1A6DA87C00676819 /* Release */,
			);
			defaultConfigurationIsVisible = 0;
			defaultConfigurationName = Release;
		};
		5FF0FFBB1A6DA87C00676819 /* Build configuration list for PBXNativeTarget "COMP4601A1-100846396-Client" */ = {
			isa = XCConfigurationList;
			buildConfigurations = (
				5FF0FFBC1A6DA87C00676819 /* Debug */,
				5FF0FFBD1A6DA87C00676819 /* Release */,
			);
			defaultConfigurationIsVisible = 0;
			defaultConfigurationName = Release;
		};
		5FF0FFBE1A6DA87C00676819 /* Build configuration list for PBXNativeTarget "COMP4601A1-100846396-ClientTests" */ = {
			isa = XCConfigurationList;
			buildConfigurations = (
				5FF0FFBF1A6DA87C00676819 /* Debug */,
				5FF0FFC01A6DA87C00676819 /* Release */,
			);
			defaultConfigurationIsVisible = 0;
			defaultConfigurationName = Release;
		};
/* End XCConfigurationList section */
	};
	rootObject = 5FF0FF941A6DA87B00676819 /* Project object */;
}
